
Microsoft Visual Studio Solution File, Format Version 12.00
# Visual Studio Version 17
VisualStudioVersion = 17.3.32825.248
MinimumVisualStudioVersion = 10.0.40219.1
Project("{2150E333-8FDC-42A3-9474-1A3956D46DE8}") = "Solution Items", "Solution Items", "{DBEC8AF7-C8E9-40CA-8D70-C4B443E9E74F}"
	ProjectSection(SolutionItems) = preProject
		.gitignore = .gitignore
		README.md = README.md
	EndProjectSection
EndProject
Project("{9A19103F-16F7-4668-BE54-9A1E7A4F7556}") = "MCServerManager.Library", "MCServerManager.Library\MCServerManager.Library.csproj", "{FD2BCA1A-F1BE-44E9-B565-12CE6B549760}"
EndProject
Project("{FAE04EC0-301F-11D3-BF4B-00C04F79EFBC}") = "MCServerManager", "MCServerManager\MCServerManager.csproj", "{86823891-18EB-41D1-A4F0-73DD3CDD7396}"
EndProject
Global
	GlobalSection(SolutionConfigurationPlatforms) = preSolution
		Debug|Any CPU = Debug|Any CPU
		Release|Any CPU = Release|Any CPU
	EndGlobalSection
	GlobalSection(ProjectConfigurationPlatforms) = postSolution
		{FD2BCA1A-F1BE-44E9-B565-12CE6B549760}.Debug|Any CPU.ActiveCfg = Debug|Any CPU
		{FD2BCA1A-F1BE-44E9-B565-12CE6B549760}.Debug|Any CPU.Build.0 = Debug|Any CPU
		{FD2BCA1A-F1BE-44E9-B565-12CE6B549760}.Release|Any CPU.ActiveCfg = Release|Any CPU
		{FD2BCA1A-F1BE-44E9-B565-12CE6B549760}.Release|Any CPU.Build.0 = Release|Any CPU
		{86823891-18EB-41D1-A4F0-73DD3CDD7396}.Debug|Any CPU.ActiveCfg = Debug|Any CPU
		{86823891-18EB-41D1-A4F0-73DD3CDD7396}.Debug|Any CPU.Build.0 = Debug|Any CPU
		{86823891-18EB-41D1-A4F0-73DD3CDD7396}.Release|Any CPU.ActiveCfg = Release|Any CPU
		{86823891-18EB-41D1-A4F0-73DD3CDD7396}.Release|Any CPU.Build.0 = Release|Any CPU
	EndGlobalSection
	GlobalSection(SolutionProperties) = preSolution
		HideSolutionNode = FALSE
	EndGlobalSection
	GlobalSection(ExtensibilityGlobals) = postSolution
		SolutionGuid = {B3CAB2B5-D915-41BC-929D-2658DFE786C0}
	EndGlobalSection
EndGlobal
